
Microsoft Visual Studio Solution File, Format Version 12.00
# Visual Studio Version 16
VisualStudioVersion = 16.0.31624.102
MinimumVisualStudioVersion = 10.0.40219.1
Project("{FAE04EC0-301F-11D3-BF4B-00C04F79EFBC}") = "majasdarbs1", "majasdarbs1\majasdarbs1.csproj", "{FAD9961F-DBC1-4706-AC75-41A607E162B2}"
EndProject
Global
	GlobalSection(SolutionConfigurationPlatforms) = preSolution
		Debug|Any CPU = Debug|Any CPU
		Release|Any CPU = Release|Any CPU
	EndGlobalSection
	GlobalSection(ProjectConfigurationPlatforms) = postSolution
		{FAD9961F-DBC1-4706-AC75-41A607E162B2}.Debug|Any CPU.ActiveCfg = Debug|Any CPU
		{FAD9961F-DBC1-4706-AC75-41A607E162B2}.Debug|Any CPU.Build.0 = Debug|Any CPU
		{FAD9961F-DBC1-4706-AC75-41A607E162B2}.Release|Any CPU.ActiveCfg = Release|Any CPU
		{FAD9961F-DBC1-4706-AC75-41A607E162B2}.Release|Any CPU.Build.0 = Release|Any CPU
	EndGlobalSection
	GlobalSection(SolutionProperties) = preSolution
		HideSolutionNode = FALSE
	EndGlobalSection
	GlobalSection(ExtensibilityGlobals) = postSolution
		SolutionGuid = {7BF0DAFF-3174-4817-864F-D8F53C1EEFCC}
	EndGlobalSection
EndGlobal
